
Microsoft Visual Studio Solution File, Format Version 12.00
# Visual Studio Version 17
VisualStudioVersion = 17.5.002.0
MinimumVisualStudioVersion = 10.0.40219.1
Project("{9A19103F-16F7-4668-BE54-9A1E7A4F7556}") = "task054", "task054.csproj", "{083D6578-08F2-46F0-A9E6-352E8152F8A3}"
EndProject
Global
	GlobalSection(SolutionConfigurationPlatforms) = preSolution
		Debug|Any CPU = Debug|Any CPU
		Release|Any CPU = Release|Any CPU
	EndGlobalSection
	GlobalSection(ProjectConfigurationPlatforms) = postSolution
		{083D6578-08F2-46F0-A9E6-352E8152F8A3}.Debug|Any CPU.ActiveCfg = Debug|Any CPU
		{083D6578-08F2-46F0-A9E6-352E8152F8A3}.Debug|Any CPU.Build.0 = Debug|Any CPU
		{083D6578-08F2-46F0-A9E6-352E8152F8A3}.Release|Any CPU.ActiveCfg = Release|Any CPU
		{083D6578-08F2-46F0-A9E6-352E8152F8A3}.Release|Any CPU.Build.0 = Release|Any CPU
	EndGlobalSection
	GlobalSection(SolutionProperties) = preSolution
		HideSolutionNode = FALSE
	EndGlobalSection
	GlobalSection(ExtensibilityGlobals) = postSolution
		SolutionGuid = {1153F19E-701B-4817-8F13-5C5035647650}
	EndGlobalSection
EndGlobal
